// !$*UTF8*$!
{
	archiveVersion = 1;
	classes = {
	};
	objectVersion = 56;
	objects = {

/* Begin PBXBuildFile section */
		BC3B4BFF2AB64C390020D43E /* SkyApp.swift in Sources */ = {isa = PBXBuildFile; fileRef = BC3B4BFE2AB64C390020D43E /* SkyApp.swift */; };
		BC3B4C012AB64C390020D43E /* ContentView.swift in Sources */ = {isa = PBXBuildFile; fileRef = BC3B4C002AB64C390020D43E /* ContentView.swift */; };
		BC3B4C032AB64C3A0020D43E /* Assets.xcassets in Resources */ = {isa = PBXBuildFile; fileRef = BC3B4C022AB64C3A0020D43E /* Assets.xcassets */; };
		BC3B4C062AB64C3A0020D43E /* Preview Assets.xcassets in Resources */ = {isa = PBXBuildFile; fileRef = BC3B4C052AB64C3A0020D43E /* Preview Assets.xcassets */; };
		BC3B4C0E2AB653990020D43E /* LocationManager.swift in Sources */ = {isa = PBXBuildFile; fileRef = BC3B4C0D2AB653990020D43E /* LocationManager.swift */; };
		BC3B4C112AB667DB0020D43E /* LoadingView.swift in Sources */ = {isa = PBXBuildFile; fileRef = BC3B4C102AB667DB0020D43E /* LoadingView.swift */; };
		BC3B4C152AB668370020D43E /* WeatherManager.swift in Sources */ = {isa = PBXBuildFile; fileRef = BC3B4C142AB668370020D43E /* WeatherManager.swift */; };
		BC3B4C172AB668B70020D43E /* WelcomeView.swift in Sources */ = {isa = PBXBuildFile; fileRef = BC3B4C162AB668B70020D43E /* WelcomeView.swift */; };
		BC3B4C192AB677400020D43E /* WeatherView.swift in Sources */ = {isa = PBXBuildFile; fileRef = BC3B4C182AB677400020D43E /* WeatherView.swift */; };
		BC3B4C1D2AB678080020D43E /* weatherData.json in Resources */ = {isa = PBXBuildFile; fileRef = BC3B4C1C2AB678080020D43E /* weatherData.json */; };
		BC3B4C1F2AB678CC0020D43E /* ModelData.swift in Sources */ = {isa = PBXBuildFile; fileRef = BC3B4C1E2AB678CC0020D43E /* ModelData.swift */; };
		BC3B4C212AB679250020D43E /* Extentions.swift in Sources */ = {isa = PBXBuildFile; fileRef = BC3B4C202AB679250020D43E /* Extentions.swift */; };
		BC3B4C242AB6840C0020D43E /* WeatherRow.swift in Sources */ = {isa = PBXBuildFile; fileRef = BC3B4C232AB6840C0020D43E /* WeatherRow.swift */; };
/* End PBXBuildFile section */

/* Begin PBXFileReference section */
		BC3B4BFB2AB64C390020D43E /* Sky.app */ = {isa = PBXFileReference; explicitFileType = wrapper.application; includeInIndex = 0; path = Sky.app; sourceTree = BUILT_PRODUCTS_DIR; };
		BC3B4BFE2AB64C390020D43E /* SkyApp.swift */ = {isa = PBXFileReference; lastKnownFileType = sourcecode.swift; path = SkyApp.swift; sourceTree = "<group>"; };
		BC3B4C002AB64C390020D43E /* ContentView.swift */ = {isa = PBXFileReference; lastKnownFileType = sourcecode.swift; path = ContentView.swift; sourceTree = "<group>"; };
		BC3B4C022AB64C3A0020D43E /* Assets.xcassets */ = {isa = PBXFileReference; lastKnownFileType = folder.assetcatalog; path = Assets.xcassets; sourceTree = "<group>"; };
		BC3B4C052AB64C3A0020D43E /* Preview Assets.xcassets */ = {isa = PBXFileReference; lastKnownFileType = folder.assetcatalog; path = "Preview Assets.xcassets"; sourceTree = "<group>"; };
		BC3B4C0D2AB653990020D43E /* LocationManager.swift */ = {isa = PBXFileReference; lastKnownFileType = sourcecode.swift; path = LocationManager.swift; sourceTree = "<group>"; };
		BC3B4C102AB667DB0020D43E /* LoadingView.swift */ = {isa = PBXFileReference; lastKnownFileType = sourcecode.swift; path = LoadingView.swift; sourceTree = "<group>"; };
		BC3B4C142AB668370020D43E /* WeatherManager.swift */ = {isa = PBXFileReference; lastKnownFileType = sourcecode.swift; path = WeatherManager.swift; sourceTree = "<group>"; };
		BC3B4C162AB668B70020D43E /* WelcomeView.swift */ = {isa = PBXFileReference; lastKnownFileType = sourcecode.swift; path = WelcomeView.swift; sourceTree = "<group>"; };
		BC3B4C182AB677400020D43E /* WeatherView.swift */ = {isa = PBXFileReference; lastKnownFileType = sourcecode.swift; path = WeatherView.swift; sourceTree = "<group>"; };
		BC3B4C1C2AB678080020D43E /* weatherData.json */ = {isa = PBXFileReference; lastKnownFileType = text.json; path = weatherData.json; sourceTree = "<group>"; };
		BC3B4C1E2AB678CC0020D43E /* ModelData.swift */ = {isa = PBXFileReference; lastKnownFileType = sourcecode.swift; path = ModelData.swift; sourceTree = "<group>"; };
		BC3B4C202AB679250020D43E /* Extentions.swift */ = {isa = PBXFileReference; lastKnownFileType = sourcecode.swift; path = Extentions.swift; sourceTree = "<group>"; };
		BC3B4C232AB6840C0020D43E /* WeatherRow.swift */ = {isa = PBXFileReference; lastKnownFileType = sourcecode.swift; path = WeatherRow.swift; sourceTree = "<group>"; };
/* End PBXFileReference section */

/* Begin PBXFrameworksBuildPhase section */
		BC3B4BF82AB64C390020D43E /* Frameworks */ = {
			isa = PBXFrameworksBuildPhase;
			buildActionMask = 2147483647;
			files = (
			);
			runOnlyForDeploymentPostprocessing = 0;
		};
/* End PBXFrameworksBuildPhase section */

/* Begin PBXGroup section */
		BC3B4BF22AB64C390020D43E = {
			isa = PBXGroup;
			children = (
				BC3B4BFD2AB64C390020D43E /* Sky */,
				BC3B4BFC2AB64C390020D43E /* Products */,
			);
			sourceTree = "<group>";
		};
		BC3B4BFC2AB64C390020D43E /* Products */ = {
			isa = PBXGroup;
			children = (
				BC3B4BFB2AB64C390020D43E /* Sky.app */,
			);
			name = Products;
			sourceTree = "<group>";
		};
		BC3B4BFD2AB64C390020D43E /* Sky */ = {
			isa = PBXGroup;
			children = (
				BC3B4C222AB683EA0020D43E /* Components */,
				BC3B4C202AB679250020D43E /* Extentions.swift */,
				BC3B4C0F2AB6677E0020D43E /* Views */,
				BC3B4C0C2AB653520020D43E /* Managers */,
				BC3B4BFE2AB64C390020D43E /* SkyApp.swift */,
				BC3B4C022AB64C3A0020D43E /* Assets.xcassets */,
				BC3B4C042AB64C3A0020D43E /* Preview Content */,
			);
			path = Sky;
			sourceTree = "<group>";
		};
		BC3B4C042AB64C3A0020D43E /* Preview Content */ = {
			isa = PBXGroup;
			children = (
				BC3B4C052AB64C3A0020D43E /* Preview Assets.xcassets */,
				BC3B4C1C2AB678080020D43E /* weatherData.json */,
				BC3B4C1E2AB678CC0020D43E /* ModelData.swift */,
			);
			path = "Preview Content";
			sourceTree = "<group>";
		};
		BC3B4C0C2AB653520020D43E /* Managers */ = {
			isa = PBXGroup;
			children = (
				BC3B4C0D2AB653990020D43E /* LocationManager.swift */,
				BC3B4C142AB668370020D43E /* WeatherManager.swift */,
			);
			path = Managers;
			sourceTree = "<group>";
		};
		BC3B4C0F2AB6677E0020D43E /* Views */ = {
			isa = PBXGroup;
			children = (
				BC3B4C002AB64C390020D43E /* ContentView.swift */,
				BC3B4C102AB667DB0020D43E /* LoadingView.swift */,
				BC3B4C162AB668B70020D43E /* WelcomeView.swift */,
				BC3B4C182AB677400020D43E /* WeatherView.swift */,
			);
			path = Views;
			sourceTree = "<group>";
		};
		BC3B4C222AB683EA0020D43E /* Components */ = {
			isa = PBXGroup;
			children = (
				BC3B4C232AB6840C0020D43E /* WeatherRow.swift */,
			);
			path = Components;
			sourceTree = "<group>";
		};
/* End PBXGroup section */

/* Begin PBXNativeTarget section */
		BC3B4BFA2AB64C390020D43E /* Sky */ = {
			isa = PBXNativeTarget;
			buildConfigurationList = BC3B4C092AB64C3A0020D43E /* Build configuration list for PBXNativeTarget "Sky" */;
			buildPhases = (
				BC3B4BF72AB64C390020D43E /* Sources */,
				BC3B4BF82AB64C390020D43E /* Frameworks */,
				BC3B4BF92AB64C390020D43E /* Resources */,
			);
			buildRules = (
			);
			dependencies = (
			);
			name = Sky;
			productName = Sky;
			productReference = BC3B4BFB2AB64C390020D43E /* Sky.app */;
			productType = "com.apple.product-type.application";
		};
/* End PBXNativeTarget section */

/* Begin PBXProject section */
		BC3B4BF32AB64C390020D43E /* Project object */ = {
			isa = PBXProject;
			attributes = {
				BuildIndependentTargetsInParallel = 1;
				LastSwiftUpdateCheck = 1430;
				LastUpgradeCheck = 1430;
				TargetAttributes = {
					BC3B4BFA2AB64C390020D43E = {
						CreatedOnToolsVersion = 14.3.1;
					};
				};
			};
			buildConfigurationList = BC3B4BF62AB64C390020D43E /* Build configuration list for PBXProject "Sky" */;
			compatibilityVersion = "Xcode 14.0";
			developmentRegion = en;
			hasScannedForEncodings = 0;
			knownRegions = (
				en,
				Base,
			);
			mainGroup = BC3B4BF22AB64C390020D43E;
			productRefGroup = BC3B4BFC2AB64C390020D43E /* Products */;
			projectDirPath = "";
			projectRoot = "";
			targets = (
				BC3B4BFA2AB64C390020D43E /* Sky */,
			);
		};
/* End PBXProject section */

/* Begin PBXResourcesBuildPhase section */
		BC3B4BF92AB64C390020D43E /* Resources */ = {
			isa = PBXResourcesBuildPhase;
			buildActionMask = 2147483647;
			files = (
				BC3B4C062AB64C3A0020D43E /* Preview Assets.xcassets in Resources */,
				BC3B4C1D2AB678080020D43E /* weatherData.json in Resources */,
				BC3B4C032AB64C3A0020D43E /* Assets.xcassets in Resources */,
			);
			runOnlyForDeploymentPostprocessing = 0;
		};
/* End PBXResourcesBuildPhase section */

/* Begin PBXSourcesBuildPhase section */
		BC3B4BF72AB64C390020D43E /* Sources */ = {
			isa = PBXSourcesBuildPhase;
			buildActionMask = 2147483647;
			files = (
				BC3B4C152AB668370020D43E /* WeatherManager.swift in Sources */,
				BC3B4C012AB64C390020D43E /* ContentView.swift in Sources */,
				BC3B4C112AB667DB0020D43E /* LoadingView.swift in Sources */,
				BC3B4BFF2AB64C390020D43E /* SkyApp.swift in Sources */,
				BC3B4C0E2AB653990020D43E /* LocationManager.swift in Sources */,
				BC3B4C242AB6840C0020D43E /* WeatherRow.swift in Sources */,
				BC3B4C1F2AB678CC0020D43E /* ModelData.swift in Sources */,
				BC3B4C192AB677400020D43E /* WeatherView.swift in Sources */,
				BC3B4C172AB668B70020D43E /* WelcomeView.swift in Sources */,
				BC3B4C212AB679250020D43E /* Extentions.swift in Sources */,
			);
			runOnlyForDeploymentPostprocessing = 0;
		};
/* End PBXSourcesBuildPhase section */

/* Begin XCBuildConfiguration section */
		BC3B4C072AB64C3A0020D43E /* Debug */ = {
			isa = XCBuildConfiguration;
			buildSettings = {
				ALWAYS_SEARCH_USER_PATHS = NO;
				CLANG_ANALYZER_NONNULL = YES;
				CLANG_ANALYZER_NUMBER_OBJECT_CONVERSION = YES_AGGRESSIVE;
				CLANG_CXX_LANGUAGE_STANDARD = "gnu++20";
				CLANG_ENABLE_MODULES = YES;
				CLANG_ENABLE_OBJC_ARC = YES;
				CLANG_ENABLE_OBJC_WEAK = YES;
				CLANG_WARN_BLOCK_CAPTURE_AUTORELEASING = YES;
				CLANG_WARN_BOOL_CONVERSION = YES;
				CLANG_WARN_COMMA = YES;
				CLANG_WARN_CONSTANT_CONVERSION = YES;
				CLANG_WARN_DEPRECATED_OBJC_IMPLEMENTATIONS = YES;
				CLANG_WARN_DIRECT_OBJC_ISA_USAGE = YES_ERROR;
				CLANG_WARN_DOCUMENTATION_COMMENTS = YES;
				CLANG_WARN_EMPTY_BODY = YES;
				CLANG_WARN_ENUM_CONVERSION = YES;
				CLANG_WARN_INFINITE_RECURSION = YES;
				CLANG_WARN_INT_CONVERSION = YES;
				CLANG_WARN_NON_LITERAL_NULL_CONVERSION = YES;
				CLANG_WARN_OBJC_IMPLICIT_RETAIN_SELF = YES;
				CLANG_WARN_OBJC_LITERAL_CONVERSION = YES;
				CLANG_WARN_OBJC_ROOT_CLASS = YES_ERROR;
				CLANG_WARN_QUOTED_INCLUDE_IN_FRAMEWORK_HEADER = YES;
				CLANG_WARN_RANGE_LOOP_ANALYSIS = YES;
				CLANG_WARN_STRICT_PROTOTYPES = YES;
				CLANG_WARN_SUSPICIOUS_MOVE = YES;
				CLANG_WARN_UNGUARDED_AVAILABILITY = YES_AGGRESSIVE;
				CLANG_WARN_UNREACHABLE_CODE = YES;
				CLANG_WARN__DUPLICATE_METHOD_MATCH = YES;
				COPY_PHASE_STRIP = NO;
				DEBUG_INFORMATION_FORMAT = dwarf;
				ENABLE_STRICT_OBJC_MSGSEND = YES;
				ENABLE_TESTABILITY = YES;
				GCC_C_LANGUAGE_STANDARD = gnu11;
				GCC_DYNAMIC_NO_PIC = NO;
				GCC_NO_COMMON_BLOCKS = YES;
				GCC_OPTIMIZATION_LEVEL = 0;
				GCC_PREPROCESSOR_DEFINITIONS = (
					"DEBUG=1",
					"$(inherited)",
				);
				GCC_WARN_64_TO_32_BIT_CONVERSION = YES;
				GCC_WARN_ABOUT_RETURN_TYPE = YES_ERROR;
				GCC_WARN_UNDECLARED_SELECTOR = YES;
				GCC_WARN_UNINITIALIZED_AUTOS = YES_AGGRESSIVE;
				GCC_WARN_UNUSED_FUNCTION = YES;
				GCC_WARN_UNUSED_VARIABLE = YES;
				IPHONEOS_DEPLOYMENT_TARGET = 16.4;
				MTL_ENABLE_DEBUG_INFO = INCLUDE_SOURCE;
				MTL_FAST_MATH = YES;
				ONLY_ACTIVE_ARCH = YES;
				SDKROOT = iphoneos;
				SWIFT_ACTIVE_COMPILATION_CONDITIONS = DEBUG;
				SWIFT_OPTIMIZATION_LEVEL = "-Onone";
			};
			name = Debug;
		};
		BC3B4C082AB64C3A0020D43E /* Release */ = {
			isa = XCBuildConfiguration;
			buildSettings = {
				ALWAYS_SEARCH_USER_PATHS = NO;
				CLANG_ANALYZER_NONNULL = YES;
				CLANG_ANALYZER_NUMBER_OBJECT_CONVERSION = YES_AGGRESSIVE;
				CLANG_CXX_LANGUAGE_STANDARD = "gnu++20";
				CLANG_ENABLE_MODULES = YES;
				CLANG_ENABLE_OBJC_ARC = YES;
				CLANG_ENABLE_OBJC_WEAK = YES;
				CLANG_WARN_BLOCK_CAPTURE_AUTORELEASING = YES;
				CLANG_WARN_BOOL_CONVERSION = YES;
				CLANG_WARN_COMMA = YES;
				CLANG_WARN_CONSTANT_CONVERSION = YES;
				CLANG_WARN_DEPRECATED_OBJC_IMPLEMENTATIONS = YES;
				CLANG_WARN_DIRECT_OBJC_ISA_USAGE = YES_ERROR;
				CLANG_WARN_DOCUMENTATION_COMMENTS = YES;
				CLANG_WARN_EMPTY_BODY = YES;
				CLANG_WARN_ENUM_CONVERSION = YES;
				CLANG_WARN_INFINITE_RECURSION = YES;
				CLANG_WARN_INT_CONVERSION = YES;
				CLANG_WARN_NON_LITERAL_NULL_CONVERSION = YES;
				CLANG_WARN_OBJC_IMPLICIT_RETAIN_SELF = YES;
				CLANG_WARN_OBJC_LITERAL_CONVERSION = YES;
				CLANG_WARN_OBJC_ROOT_CLASS = YES_ERROR;
				CLANG_WARN_QUOTED_INCLUDE_IN_FRAMEWORK_HEADER = YES;
				CLANG_WARN_RANGE_LOOP_ANALYSIS = YES;
				CLANG_WARN_STRICT_PROTOTYPES = YES;
				CLANG_WARN_SUSPICIOUS_MOVE = YES;
				CLANG_WARN_UNGUARDED_AVAILABILITY = YES_AGGRESSIVE;
				CLANG_WARN_UNREACHABLE_CODE = YES;
				CLANG_WARN__DUPLICATE_METHOD_MATCH = YES;
				COPY_PHASE_STRIP = NO;
				DEBUG_INFORMATION_FORMAT = "dwarf-with-dsym";
				ENABLE_NS_ASSERTIONS = NO;
				ENABLE_STRICT_OBJC_MSGSEND = YES;
				GCC_C_LANGUAGE_STANDARD = gnu11;
				GCC_NO_COMMON_BLOCKS = YES;
				GCC_WARN_64_TO_32_BIT_CONVERSION = YES;
				GCC_WARN_ABOUT_RETURN_TYPE = YES_ERROR;
				GCC_WARN_UNDECLARED_SELECTOR = YES;
				GCC_WARN_UNINITIALIZED_AUTOS = YES_AGGRESSIVE;
				GCC_WARN_UNUSED_FUNCTION = YES;
				GCC_WARN_UNUSED_VARIABLE = YES;
				IPHONEOS_DEPLOYMENT_TARGET = 16.4;
				MTL_ENABLE_DEBUG_INFO = NO;
				MTL_FAST_MATH = YES;
				SDKROOT = iphoneos;
				SWIFT_COMPILATION_MODE = wholemodule;
				SWIFT_OPTIMIZATION_LEVEL = "-O";
				VALIDATE_PRODUCT = YES;
			};
			name = Release;
		};
		BC3B4C0A2AB64C3A0020D43E /* Debug */ = {
			isa = XCBuildConfiguration;
			buildSettings = {
				ASSETCATALOG_COMPILER_APPICON_NAME = AppIcon;
				ASSETCATALOG_COMPILER_GLOBAL_ACCENT_COLOR_NAME = AccentColor;
				CODE_SIGN_STYLE = Automatic;
				CURRENT_PROJECT_VERSION = 1;
				DEVELOPMENT_ASSET_PATHS = "\"Sky/Preview Content\"";
				DEVELOPMENT_TEAM = LR5QPJD72L;
				ENABLE_PREVIEWS = YES;
				GENERATE_INFOPLIST_FILE = YES;
				INFOPLIST_KEY_UIApplicationSceneManifest_Generation = YES;
				INFOPLIST_KEY_UIApplicationSupportsIndirectInputEvents = YES;
				INFOPLIST_KEY_UILaunchScreen_Generation = YES;
				INFOPLIST_KEY_UISupportedInterfaceOrientations_iPad = "UIInterfaceOrientationPortrait UIInterfaceOrientationPortraitUpsideDown UIInterfaceOrientationLandscapeLeft UIInterfaceOrientationLandscapeRight";
				INFOPLIST_KEY_UISupportedInterfaceOrientations_iPhone = "UIInterfaceOrientationPortrait UIInterfaceOrientationLandscapeLeft UIInterfaceOrientationLandscapeRight";
				LD_RUNPATH_SEARCH_PATHS = (
					"$(inherited)",
					"@executable_path/Frameworks",
				);
				MARKETING_VERSION = 1.0;
				PRODUCT_BUNDLE_IDENTIFIER = HelloWorld.Sky;
				PRODUCT_NAME = "$(TARGET_NAME)";
				SWIFT_EMIT_LOC_STRINGS = YES;
				SWIFT_VERSION = 5.0;
				TARGETED_DEVICE_FAMILY = "1,2";
			};
			name = Debug;
		};
		BC3B4C0B2AB64C3A0020D43E /* Release */ = {
			isa = XCBuildConfiguration;
			buildSettings = {
				ASSETCATALOG_COMPILER_APPICON_NAME = AppIcon;
				ASSETCATALOG_COMPILER_GLOBAL_ACCENT_COLOR_NAME = AccentColor;
				CODE_SIGN_STYLE = Automatic;
				CURRENT_PROJECT_VERSION = 1;
				DEVELOPMENT_ASSET_PATHS = "\"Sky/Preview Content\"";
				DEVELOPMENT_TEAM = LR5QPJD72L;
				ENABLE_PREVIEWS = YES;
				GENERATE_INFOPLIST_FILE = YES;
				INFOPLIST_KEY_UIApplicationSceneManifest_Generation = YES;
				INFOPLIST_KEY_UIApplicationSupportsIndirectInputEvents = YES;
				INFOPLIST_KEY_UILaunchScreen_Generation = YES;
				INFOPLIST_KEY_UISupportedInterfaceOrientations_iPad = "UIInterfaceOrientationPortrait UIInterfaceOrientationPortraitUpsideDown UIInterfaceOrientationLandscapeLeft UIInterfaceOrientationLandscapeRight";
				INFOPLIST_KEY_UISupportedInterfaceOrientations_iPhone = "UIInterfaceOrientationPortrait UIInterfaceOrientationLandscapeLeft UIInterfaceOrientationLandscapeRight";
				LD_RUNPATH_SEARCH_PATHS = (
					"$(inherited)",
					"@executable_path/Frameworks",
				);
				MARKETING_VERSION = 1.0;
				PRODUCT_BUNDLE_IDENTIFIER = HelloWorld.Sky;
				PRODUCT_NAME = "$(TARGET_NAME)";
				SWIFT_EMIT_LOC_STRINGS = YES;
				SWIFT_VERSION = 5.0;
				TARGETED_DEVICE_FAMILY = "1,2";
			};
			name = Release;
		};
/* End XCBuildConfiguration section */

/* Begin XCConfigurationList section */
		BC3B4BF62AB64C390020D43E /* Build configuration list for PBXProject "Sky" */ = {
			isa = XCConfigurationList;
			buildConfigurations = (
				BC3B4C072AB64C3A0020D43E /* Debug */,
				BC3B4C082AB64C3A0020D43E /* Release */,
			);
			defaultConfigurationIsVisible = 0;
			defaultConfigurationName = Release;
		};
		BC3B4C092AB64C3A0020D43E /* Build configuration list for PBXNativeTarget "Sky" */ = {
			isa = XCConfigurationList;
			buildConfigurations = (
				BC3B4C0A2AB64C3A0020D43E /* Debug */,
				BC3B4C0B2AB64C3A0020D43E /* Release */,
			);
			defaultConfigurationIsVisible = 0;
			defaultConfigurationName = Release;
		};
/* End XCConfigurationList section */
	};
	rootObject = BC3B4BF32AB64C390020D43E /* Project object */;
}
